// !$*UTF8*$!
{
	archiveVersion = 1;
	classes = {
	};
	objectVersion = 46;
	objects = {

/* Begin PBXBuildFile section */
		FD5A53641EBF9BA100C05B6A /* AppDelegate.swift in Sources */ = {isa = PBXBuildFile; fileRef = FD5A53631EBF9BA100C05B6A /* AppDelegate.swift */; };
		FD5A53661EBF9BA100C05B6A /* ViewController.swift in Sources */ = {isa = PBXBuildFile; fileRef = FD5A53651EBF9BA100C05B6A /* ViewController.swift */; };
		FD5A53691EBF9BA100C05B6A /* Main.storyboard in Resources */ = {isa = PBXBuildFile; fileRef = FD5A53671EBF9BA100C05B6A /* Main.storyboard */; };
		FD5A536B1EBF9BA100C05B6A /* Assets.xcassets in Resources */ = {isa = PBXBuildFile; fileRef = FD5A536A1EBF9BA100C05B6A /* Assets.xcassets */; };
		FD5A536E1EBF9BA100C05B6A /* LaunchScreen.storyboard in Resources */ = {isa = PBXBuildFile; fileRef = FD5A536C1EBF9BA100C05B6A /* LaunchScreen.storyboard */; };
/* End PBXBuildFile section */

/* Begin PBXFileReference section */
		FD5A53601EBF9BA100C05B6A /* dz-3.app */ = {isa = PBXFileReference; explicitFileType = wrapper.application; includeInIndex = 0; path = "dz-3.app"; sourceTree = BUILT_PRODUCTS_DIR; };
		FD5A53631EBF9BA100C05B6A /* AppDelegate.swift */ = {isa = PBXFileReference; lastKnownFileType = sourcecode.swift; path = AppDelegate.swift; sourceTree = "<group>"; };
		FD5A53651EBF9BA100C05B6A /* ViewController.swift */ = {isa = PBXFileReference; lastKnownFileType = sourcecode.swift; path = ViewController.swift; sourceTree = "<group>"; };
		FD5A53681EBF9BA100C05B6A /* Base */ = {isa = PBXFileReference; lastKnownFileType = file.storyboard; name = Base; path = Base.lproj/Main.storyboard; sourceTree = "<group>"; };
		FD5A536A1EBF9BA100C05B6A /* Assets.xcassets */ = {isa = PBXFileReference; lastKnownFileType = folder.assetcatalog; path = Assets.xcassets; sourceTree = "<group>"; };
		FD5A536D1EBF9BA100C05B6A /* Base */ = {isa = PBXFileReference; lastKnownFileType = file.storyboard; name = Base; path = Base.lproj/LaunchScreen.storyboard; sourceTree = "<group>"; };
		FD5A536F1EBF9BA100C05B6A /* Info.plist */ = {isa = PBXFileReference; lastKnownFileType = text.plist.xml; path = Info.plist; sourceTree = "<group>"; };
/* End PBXFileReference section */

/* Begin PBXFrameworksBuildPhase section */
		FD5A535D1EBF9BA100C05B6A /* Frameworks */ = {
			isa = PBXFrameworksBuildPhase;
			buildActionMask = 2147483647;
			files = (
			);
			runOnlyForDeploymentPostprocessing = 0;
		};
/* End PBXFrameworksBuildPhase section */

/* Begin PBXGroup section */
		FD5A53571EBF9BA100C05B6A = {
			isa = PBXGroup;
			children = (
				FD5A53621EBF9BA100C05B6A /* dz-3 */,
				FD5A53611EBF9BA100C05B6A /* Products */,
			);
			sourceTree = "<group>";
		};
		FD5A53611EBF9BA100C05B6A /* Products */ = {
			isa = PBXGroup;
			children = (
				FD5A53601EBF9BA100C05B6A /* dz-3.app */,
			);
			name = Products;
			sourceTree = "<group>";
		};
		FD5A53621EBF9BA100C05B6A /* dz-3 */ = {
			isa = PBXGroup;
			children = (
				FD5A53631EBF9BA100C05B6A /* AppDelegate.swift */,
				FD5A53651EBF9BA100C05B6A /* ViewController.swift */,
				FD5A53671EBF9BA100C05B6A /* Main.storyboard */,
				FD5A536A1EBF9BA100C05B6A /* Assets.xcassets */,
				FD5A536C1EBF9BA100C05B6A /* LaunchScreen.storyboard */,
				FD5A536F1EBF9BA100C05B6A /* Info.plist */,
			);
			path = "dz-3";
			sourceTree = "<group>";
		};
/* End PBXGroup section */

/* Begin PBXNativeTarget section */
		FD5A535F1EBF9BA100C05B6A /* dz-3 */ = {
			isa = PBXNativeTarget;
			buildConfigurationList = FD5A53721EBF9BA100C05B6A /* Build configuration list for PBXNativeTarget "dz-3" */;
			buildPhases = (
				FD5A535C1EBF9BA100C05B6A /* Sources */,
				FD5A535D1EBF9BA100C05B6A /* Frameworks */,
				FD5A535E1EBF9BA100C05B6A /* Resources */,
			);
			buildRules = (
			);
			dependencies = (
			);
			name = "dz-3";
			productName = "dz-3";
			productReference = FD5A53601EBF9BA100C05B6A /* dz-3.app */;
			productType = "com.apple.product-type.application";
		};
/* End PBXNativeTarget section */

/* Begin PBXProject section */
		FD5A53581EBF9BA100C05B6A /* Project object */ = {
			isa = PBXProject;
			attributes = {
				LastSwiftUpdateCheck = 0820;
				LastUpgradeCheck = 0820;
				ORGANIZATIONNAME = "Serhii Zharyi";
				TargetAttributes = {
					FD5A535F1EBF9BA100C05B6A = {
						CreatedOnToolsVersion = 8.2.1;
						DevelopmentTeam = 729LM7WXDB;
						ProvisioningStyle = Automatic;
					};
				};
			};
			buildConfigurationList = FD5A535B1EBF9BA100C05B6A /* Build configuration list for PBXProject "dz-3" */;
			compatibilityVersion = "Xcode 3.2";
			developmentRegion = English;
			hasScannedForEncodings = 0;
			knownRegions = (
				en,
				Base,
			);
			mainGroup = FD5A53571EBF9BA100C05B6A;
			productRefGroup = FD5A53611EBF9BA100C05B6A /* Products */;
			projectDirPath = "";
			projectRoot = "";
			targets = (
				FD5A535F1EBF9BA100C05B6A /* dz-3 */,
			);
		};
/* End PBXProject section */

/* Begin PBXResourcesBuildPhase section */
		FD5A535E1EBF9BA100C05B6A /* Resources */ = {
			isa = PBXResourcesBuildPhase;
			buildActionMask = 2147483647;
			files = (
				FD5A536E1EBF9BA100C05B6A /* LaunchScreen.storyboard in Resources */,
				FD5A536B1EBF9BA100C05B6A /* Assets.xcassets in Resources */,
				FD5A53691EBF9BA100C05B6A /* Main.storyboard in Resources */,
			);
			runOnlyForDeploymentPostprocessing = 0;
		};
/* End PBXResourcesBuildPhase section */

/* Begin PBXSourcesBuildPhase section */
		FD5A535C1EBF9BA100C05B6A /* Sources */ = {
			isa = PBXSourcesBuildPhase;
			buildActionMask = 2147483647;
			files = (
				FD5A53661EBF9BA100C05B6A /* ViewController.swift in Sources */,
				FD5A53641EBF9BA100C05B6A /* AppDelegate.swift in Sources */,
			);
			runOnlyForDeploymentPostprocessing = 0;
		};
/* End PBXSourcesBuildPhase section */

/* Begin PBXVariantGroup section */
		FD5A53671EBF9BA100C05B6A /* Main.storyboard */ = {
			isa = PBXVariantGroup;
			children = (
				FD5A53681EBF9BA100C05B6A /* Base */,
			);
			name = Main.storyboard;
			sourceTree = "<group>";
		};
		FD5A536C1EBF9BA100C05B6A /* LaunchScreen.storyboard */ = {
			isa = PBXVariantGroup;
			children = (
				FD5A536D1EBF9BA100C05B6A /* Base */,
			);
			name = LaunchScreen.storyboard;
			sourceTree = "<group>";
		};
/* End PBXVariantGroup section */

/* Begin XCBuildConfiguration section */
		FD5A53701EBF9BA100C05B6A /* Debug */ = {
			isa = XCBuildConfiguration;
			buildSettings = {
				ALWAYS_SEARCH_USER_PATHS = NO;
				CLANG_ANALYZER_NONNULL = YES;
				CLANG_CXX_LANGUAGE_STANDARD = "gnu++0x";
				CLANG_CXX_LIBRARY = "libc++";
				CLANG_ENABLE_MODULES = YES;
				CLANG_ENABLE_OBJC_ARC = YES;
				CLANG_WARN_BOOL_CONVERSION = YES;
				CLANG_WARN_CONSTANT_CONVERSION = YES;
				CLANG_WARN_DIRECT_OBJC_ISA_USAGE = YES_ERROR;
				CLANG_WARN_DOCUMENTATION_COMMENTS = YES;
				CLANG_WARN_EMPTY_BODY = YES;
				CLANG_WARN_ENUM_CONVERSION = YES;
				CLANG_WARN_INFINITE_RECURSION = YES;
				CLANG_WARN_INT_CONVERSION = YES;
				CLANG_WARN_OBJC_ROOT_CLASS = YES_ERROR;
				CLANG_WARN_SUSPICIOUS_MOVE = YES;
				CLANG_WARN_UNREACHABLE_CODE = YES;
				CLANG_WARN__DUPLICATE_METHOD_MATCH = YES;
				"CODE_SIGN_IDENTITY[sdk=iphoneos*]" = "iPhone Developer";
				COPY_PHASE_STRIP = NO;
				DEBUG_INFORMATION_FORMAT = dwarf;
				ENABLE_STRICT_OBJC_MSGSEND = YES;
				ENABLE_TESTABILITY = YES;
				GCC_C_LANGUAGE_STANDARD = gnu99;
				GCC_DYNAMIC_NO_PIC = NO;
				GCC_NO_COMMON_BLOCKS = YES;
				GCC_OPTIMIZATION_LEVEL = 0;
				GCC_PREPROCESSOR_DEFINITIONS = (
					"DEBUG=1",
					"$(inherited)",
				);
				GCC_WARN_64_TO_32_BIT_CONVERSION = YES;
				GCC_WARN_ABOUT_RETURN_TYPE = YES_ERROR;
				GCC_WARN_UNDECLARED_SELECTOR = YES;
				GCC_WARN_UNINITIALIZED_AUTOS = YES_AGGRESSIVE;
				GCC_WARN_UNUSED_FUNCTION = YES;
				GCC_WARN_UNUSED_VARIABLE = YES;
				IPHONEOS_DEPLOYMENT_TARGET = 10.2;
				MTL_ENABLE_DEBUG_INFO = YES;
				ONLY_ACTIVE_ARCH = YES;
				SDKROOT = iphoneos;
				SWIFT_ACTIVE_COMPILATION_CONDITIONS = DEBUG;
				SWIFT_OPTIMIZATION_LEVEL = "-Onone";
				TARGETED_DEVICE_FAMILY = "1,2";
			};
			name = Debug;
		};
		FD5A53711EBF9BA100C05B6A /* Release */ = {
			isa = XCBuildConfiguration;
			buildSettings = {
				ALWAYS_SEARCH_USER_PATHS = NO;
				CLANG_ANALYZER_NONNULL = YES;
				CLANG_CXX_LANGUAGE_STANDARD = "gnu++0x";
				CLANG_CXX_LIBRARY = "libc++";
				CLANG_ENABLE_MODULES = YES;
				CLANG_ENABLE_OBJC_ARC = YES;
				CLANG_WARN_BOOL_CONVERSION = YES;
				CLANG_WARN_CONSTANT_CONVERSION = YES;
				CLANG_WARN_DIRECT_OBJC_ISA_USAGE = YES_ERROR;
				CLANG_WARN_DOCUMENTATION_COMMENTS = YES;
				CLANG_WARN_EMPTY_BODY = YES;
				CLANG_WARN_ENUM_CONVERSION = YES;
				CLANG_WARN_INFINITE_RECURSION = YES;
				CLANG_WARN_INT_CONVERSION = YES;
				CLANG_WARN_OBJC_ROOT_CLASS = YES_ERROR;
				CLANG_WARN_SUSPICIOUS_MOVE = YES;
				CLANG_WARN_UNREACHABLE_CODE = YES;
				CLANG_WARN__DUPLICATE_METHOD_MATCH = YES;
				"CODE_SIGN_IDENTITY[sdk=iphoneos*]" = "iPhone Developer";
				COPY_PHASE_STRIP = NO;
				DEBUG_INFORMATION_FORMAT = "dwarf-with-dsym";
				ENABLE_NS_ASSERTIONS = NO;
				ENABLE_STRICT_OBJC_MSGSEND = YES;
				GCC_C_LANGUAGE_STANDARD = gnu99;
				GCC_NO_COMMON_BLOCKS = YES;
				GCC_WARN_64_TO_32_BIT_CONVERSION = YES;
				GCC_WARN_ABOUT_RETURN_TYPE = YES_ERROR;
				GCC_WARN_UNDECLARED_SELECTOR = YES;
				GCC_WARN_UNINITIALIZED_AUTOS = YES_AGGRESSIVE;
				GCC_WARN_UNUSED_FUNCTION = YES;
				GCC_WARN_UNUSED_VARIABLE = YES;
				IPHONEOS_DEPLOYMENT_TARGET = 10.2;
				MTL_ENABLE_DEBUG_INFO = NO;
				SDKROOT = iphoneos;
				SWIFT_OPTIMIZATION_LEVEL = "-Owholemodule";
				TARGETED_DEVICE_FAMILY = "1,2";
				VALIDATE_PRODUCT = YES;
			};
			name = Release;
		};
		FD5A53731EBF9BA100C05B6A /* Debug */ = {
			isa = XCBuildConfiguration;
			buildSettings = {
				ASSETCATALOG_COMPILER_APPICON_NAME = AppIcon;
				DEVELOPMENT_TEAM = 729LM7WXDB;
				INFOPLIST_FILE = "dz-3/Info.plist";
				LD_RUNPATH_SEARCH_PATHS = "$(inherited) @executable_path/Frameworks";
				PRODUCT_BUNDLE_IDENTIFIER = "Serhii-Zharyi.dz-3";
				PRODUCT_NAME = "$(TARGET_NAME)";
				SWIFT_VERSION = 3.0;
			};
			name = Debug;
		};
		FD5A53741EBF9BA100C05B6A /* Release */ = {
			isa = XCBuildConfiguration;
			buildSettings = {
				ASSETCATALOG_COMPILER_APPICON_NAME = AppIcon;
				DEVELOPMENT_TEAM = 729LM7WXDB;
				INFOPLIST_FILE = "dz-3/Info.plist";
				LD_RUNPATH_SEARCH_PATHS = "$(inherited) @executable_path/Frameworks";
				PRODUCT_BUNDLE_IDENTIFIER = "Serhii-Zharyi.dz-3";
				PRODUCT_NAME = "$(TARGET_NAME)";
				SWIFT_VERSION = 3.0;
			};
			name = Release;
		};
/* End XCBuildConfiguration section */

/* Begin XCConfigurationList section */
		FD5A535B1EBF9BA100C05B6A /* Build configuration list for PBXProject "dz-3" */ = {
			isa = XCConfigurationList;
			buildConfigurations = (
				FD5A53701EBF9BA100C05B6A /* Debug */,
				FD5A53711EBF9BA100C05B6A /* Release */,
			);
			defaultConfigurationIsVisible = 0;
			defaultConfigurationName = Release;
		};
		FD5A53721EBF9BA100C05B6A /* Build configuration list for PBXNativeTarget "dz-3" */ = {
			isa = XCConfigurationList;
			buildConfigurations = (
				FD5A53731EBF9BA100C05B6A /* Debug */,
				FD5A53741EBF9BA100C05B6A /* Release */,
			);
			defaultConfigurationIsVisible = 0;
		};
/* End XCConfigurationList section */
	};
	rootObject = FD5A53581EBF9BA100C05B6A /* Project object */;
}
